{
  "name": "grammatium",
  "lockfileVersion": 3,
  "requires": true,
  "packages": {
    "": {
      "dependencies": {
        "fusium-js": "^0.3.1"
      }
    },
    "node_modules/fusium-js": {
      "version": "0.3.1",
      "resolved": "https://registry.npmjs.org/fusium-js/-/fusium-js-0.3.1.tgz",
      "integrity": "sha512-6J23PmGXewsuDO4JbcYOMIAdvDFTdxRkIJOTHTwMXpd0PEPwbUiXbVn3ZLAJlMkbFll5JQTU7islb4oHREezMg==",
      "license": "MIT"
    }
  }
}
